<?xml version="1.0" encoding="utf-8"?>
<Project ToolsVersion="4.0" xmlns="http://schemas.microsoft.com/developer/msbuild/2003">
	<ItemGroup>
		<Filter Include="include">
			<UniqueIdentifier>{2498C5D9-77BA-644A-804A-E814ECD8E1C2}</UniqueIdentifier>
		</Filter>
		<Filter Include="src">
			<UniqueIdentifier>{77C54E7F-C904-1C48-BA0F-A72E89E3440D}</UniqueIdentifier>
		</Filter>
	</ItemGroup>
	<ItemGroup>
		<ClInclude Include="include\Matrix2f.h">
			<Filter>include</Filter>
		</ClInclude>
		<ClInclude Include="include\Matrix3f.h">
			<Filter>include</Filter>
		</ClInclude>
		<ClInclude Include="include\Matrix4f.h">
			<Filter>include</Filter>
		</ClInclude>
		<ClInclude Include="include\Quat4f.h">
			<Filter>include</Filter>
		</ClInclude>
		<ClInclude Include="include\vecmath.h">
			<Filter>include</Filter>
		</ClInclude>
		<ClInclude Include="include\Vector2f.h">
			<Filter>include</Filter>
		</ClInclude>
		<ClInclude Include="include\Vector3f.h">
			<Filter>include</Filter>
		</ClInclude>
		<ClInclude Include="include\Vector4f.h">
			<Filter>include</Filter>
		</ClInclude>
	</ItemGroup>
	<ItemGroup>
		<ClCompile Include="src\Matrix2f.cpp">
			<Filter>src</Filter>
		</ClCompile>
		<ClCompile Include="src\Matrix3f.cpp">
			<Filter>src</Filter>
		</ClCompile>
		<ClCompile Include="src\Matrix4f.cpp">
			<Filter>src</Filter>
		</ClCompile>
		<ClCompile Include="src\Quat4f.cpp">
			<Filter>src</Filter>
		</ClCompile>
		<ClCompile Include="src\Vector2f.cpp">
			<Filter>src</Filter>
		</ClCompile>
		<ClCompile Include="src\Vector3f.cpp">
			<Filter>src</Filter>
		</ClCompile>
		<ClCompile Include="src\Vector4f.cpp">
			<Filter>src</Filter>
		</ClCompile>
	</ItemGroup>
</Project>
